// !$*UTF8*$!
{
	archiveVersion = 1;
	classes = {
	};
	objectVersion = 46;
	objects = {

/* Begin PBXBuildFile section */
		830B363C1F39818F0045AC90 /* RootPageViewController.swift in Sources */ = {isa = PBXBuildFile; fileRef = 830B363B1F39818F0045AC90 /* RootPageViewController.swift */; };
		CB0940E11F3456970078BAA6 /* Manual1_ViewController.swift in Sources */ = {isa = PBXBuildFile; fileRef = CB0940E01F3456970078BAA6 /* Manual1_ViewController.swift */; };
		CB0940E61F3456DF0078BAA6 /* Manual2_ViewController.swift in Sources */ = {isa = PBXBuildFile; fileRef = CB0940E21F3456DF0078BAA6 /* Manual2_ViewController.swift */; };
		CB0940E71F3456DF0078BAA6 /* Manual3_ViewController.swift in Sources */ = {isa = PBXBuildFile; fileRef = CB0940E31F3456DF0078BAA6 /* Manual3_ViewController.swift */; };
		CB0940E81F3456DF0078BAA6 /* Manual4_ViewController.swift in Sources */ = {isa = PBXBuildFile; fileRef = CB0940E41F3456DF0078BAA6 /* Manual4_ViewController.swift */; };
		CB1342661F1FB94200E1A1AA /* AppDelegate.swift in Sources */ = {isa = PBXBuildFile; fileRef = CB1342651F1FB94200E1A1AA /* AppDelegate.swift */; };
		CB1342681F1FB94200E1A1AA /* SmokingCheckViewController.swift in Sources */ = {isa = PBXBuildFile; fileRef = CB1342671F1FB94200E1A1AA /* SmokingCheckViewController.swift */; };
		CB13426B1F1FB94200E1A1AA /* Main.storyboard in Resources */ = {isa = PBXBuildFile; fileRef = CB1342691F1FB94200E1A1AA /* Main.storyboard */; };
		CB13426D1F1FB94200E1A1AA /* Assets.xcassets in Resources */ = {isa = PBXBuildFile; fileRef = CB13426C1F1FB94200E1A1AA /* Assets.xcassets */; };
		CB1342701F1FB94200E1A1AA /* LaunchScreen.storyboard in Resources */ = {isa = PBXBuildFile; fileRef = CB13426E1F1FB94200E1A1AA /* LaunchScreen.storyboard */; };
		CB13427B1F1FB94200E1A1AA /* NoSmokingPeopleTests.swift in Sources */ = {isa = PBXBuildFile; fileRef = CB13427A1F1FB94200E1A1AA /* NoSmokingPeopleTests.swift */; };
		CB1342861F1FB94200E1A1AA /* NoSmokingPeopleUITests.swift in Sources */ = {isa = PBXBuildFile; fileRef = CB1342851F1FB94200E1A1AA /* NoSmokingPeopleUITests.swift */; };
		CB194E931F2074CA00D80114 /* WrittenOathViewController.swift in Sources */ = {isa = PBXBuildFile; fileRef = CB194E921F2074CA00D80114 /* WrittenOathViewController.swift */; };
		CB194E951F21D77300D80114 /* LoginViewController.swift in Sources */ = {isa = PBXBuildFile; fileRef = CB194E941F21D77300D80114 /* LoginViewController.swift */; };
		CB9079F51F2C69D1000BF2A6 /* BMHANNA_11yrs_otf.otf in Resources */ = {isa = PBXBuildFile; fileRef = CB9079F41F2C69D1000BF2A6 /* BMHANNA_11yrs_otf.otf */; };
		CB9079F61F2C69D1000BF2A6 /* BMHANNA_11yrs_otf.otf in Resources */ = {isa = PBXBuildFile; fileRef = CB9079F41F2C69D1000BF2A6 /* BMHANNA_11yrs_otf.otf */; };
		CB9079F71F2C69D1000BF2A6 /* BMHANNA_11yrs_otf.otf in Resources */ = {isa = PBXBuildFile; fileRef = CB9079F41F2C69D1000BF2A6 /* BMHANNA_11yrs_otf.otf */; };
		CBDEA7EB1F39A47700D8F38F /* Extension.swift in Sources */ = {isa = PBXBuildFile; fileRef = CBDEA7EA1F39A47700D8F38F /* Extension.swift */; };
		CBDFF8FA1F2C6D81005AE38E /* KoPub Dotum_Pro Bold.otf in Resources */ = {isa = PBXBuildFile; fileRef = CBDFF8F81F2C6D81005AE38E /* KoPub Dotum_Pro Bold.otf */; };
		CBDFF8FB1F2C6D81005AE38E /* KoPub Dotum_Pro Bold.otf in Resources */ = {isa = PBXBuildFile; fileRef = CBDFF8F81F2C6D81005AE38E /* KoPub Dotum_Pro Bold.otf */; };
		CBDFF8FC1F2C6D81005AE38E /* KoPub Dotum_Pro Bold.otf in Resources */ = {isa = PBXBuildFile; fileRef = CBDFF8F81F2C6D81005AE38E /* KoPub Dotum_Pro Bold.otf */; };
		CBDFF8FD1F2C6D81005AE38E /* KoPub Dotum_Pro Medium.otf in Resources */ = {isa = PBXBuildFile; fileRef = CBDFF8F91F2C6D81005AE38E /* KoPub Dotum_Pro Medium.otf */; };
		CBDFF8FE1F2C6D81005AE38E /* KoPub Dotum_Pro Medium.otf in Resources */ = {isa = PBXBuildFile; fileRef = CBDFF8F91F2C6D81005AE38E /* KoPub Dotum_Pro Medium.otf */; };
		CBDFF8FF1F2C6D81005AE38E /* KoPub Dotum_Pro Medium.otf in Resources */ = {isa = PBXBuildFile; fileRef = CBDFF8F91F2C6D81005AE38E /* KoPub Dotum_Pro Medium.otf */; };
		CBDFF9011F2C7AA6005AE38E /* KoPub Dotum_Pro Light.otf in Resources */ = {isa = PBXBuildFile; fileRef = CBDFF9001F2C7AA6005AE38E /* KoPub Dotum_Pro Light.otf */; };
		CBDFF9021F2C7AA6005AE38E /* KoPub Dotum_Pro Light.otf in Resources */ = {isa = PBXBuildFile; fileRef = CBDFF9001F2C7AA6005AE38E /* KoPub Dotum_Pro Light.otf */; };
		CBDFF9031F2C7AA6005AE38E /* KoPub Dotum_Pro Light.otf in Resources */ = {isa = PBXBuildFile; fileRef = CBDFF9001F2C7AA6005AE38E /* KoPub Dotum_Pro Light.otf */; };
		CBDFF9051F2C8CBF005AE38E /* ManualViewController.swift in Sources */ = {isa = PBXBuildFile; fileRef = CBDFF9041F2C8CBF005AE38E /* ManualViewController.swift */; };
		CBDFF9061F2C8CBF005AE38E /* ManualViewController.swift in Sources */ = {isa = PBXBuildFile; fileRef = CBDFF9041F2C8CBF005AE38E /* ManualViewController.swift */; };
		CBDFF9071F2C8CBF005AE38E /* ManualViewController.swift in Sources */ = {isa = PBXBuildFile; fileRef = CBDFF9041F2C8CBF005AE38E /* ManualViewController.swift */; };
		CBF826C91F31D182002D4C09 /* HomeViewController.swift in Sources */ = {isa = PBXBuildFile; fileRef = CBF826C81F31D182002D4C09 /* HomeViewController.swift */; };
/* End PBXBuildFile section */

/* Begin PBXContainerItemProxy section */
		CB1342771F1FB94200E1A1AA /* PBXContainerItemProxy */ = {
			isa = PBXContainerItemProxy;
			containerPortal = CB13425A1F1FB94200E1A1AA /* Project object */;
			proxyType = 1;
			remoteGlobalIDString = CB1342611F1FB94200E1A1AA;
			remoteInfo = NoSmokingPeople;
		};
		CB1342821F1FB94200E1A1AA /* PBXContainerItemProxy */ = {
			isa = PBXContainerItemProxy;
			containerPortal = CB13425A1F1FB94200E1A1AA /* Project object */;
			proxyType = 1;
			remoteGlobalIDString = CB1342611F1FB94200E1A1AA;
			remoteInfo = NoSmokingPeople;
		};
/* End PBXContainerItemProxy section */

/* Begin PBXFileReference section */
		830B363B1F39818F0045AC90 /* RootPageViewController.swift */ = {isa = PBXFileReference; fileEncoding = 4; lastKnownFileType = sourcecode.swift; path = RootPageViewController.swift; sourceTree = "<group>"; };
		CB0940E01F3456970078BAA6 /* Manual1_ViewController.swift */ = {isa = PBXFileReference; fileEncoding = 4; lastKnownFileType = sourcecode.swift; path = Manual1_ViewController.swift; sourceTree = "<group>"; };
		CB0940E21F3456DF0078BAA6 /* Manual2_ViewController.swift */ = {isa = PBXFileReference; fileEncoding = 4; lastKnownFileType = sourcecode.swift; path = Manual2_ViewController.swift; sourceTree = "<group>"; };
		CB0940E31F3456DF0078BAA6 /* Manual3_ViewController.swift */ = {isa = PBXFileReference; fileEncoding = 4; lastKnownFileType = sourcecode.swift; path = Manual3_ViewController.swift; sourceTree = "<group>"; };
		CB0940E41F3456DF0078BAA6 /* Manual4_ViewController.swift */ = {isa = PBXFileReference; fileEncoding = 4; lastKnownFileType = sourcecode.swift; path = Manual4_ViewController.swift; sourceTree = "<group>"; };
		CB1342621F1FB94200E1A1AA /* NoSmokingPeople.app */ = {isa = PBXFileReference; explicitFileType = wrapper.application; includeInIndex = 0; path = NoSmokingPeople.app; sourceTree = BUILT_PRODUCTS_DIR; };
		CB1342651F1FB94200E1A1AA /* AppDelegate.swift */ = {isa = PBXFileReference; lastKnownFileType = sourcecode.swift; path = AppDelegate.swift; sourceTree = "<group>"; };
		CB1342671F1FB94200E1A1AA /* SmokingCheckViewController.swift */ = {isa = PBXFileReference; lastKnownFileType = sourcecode.swift; path = SmokingCheckViewController.swift; sourceTree = "<group>"; };
		CB13426A1F1FB94200E1A1AA /* Base */ = {isa = PBXFileReference; lastKnownFileType = file.storyboard; name = Base; path = Base.lproj/Main.storyboard; sourceTree = "<group>"; };
		CB13426C1F1FB94200E1A1AA /* Assets.xcassets */ = {isa = PBXFileReference; lastKnownFileType = folder.assetcatalog; path = Assets.xcassets; sourceTree = "<group>"; };
		CB13426F1F1FB94200E1A1AA /* Base */ = {isa = PBXFileReference; lastKnownFileType = file.storyboard; name = Base; path = Base.lproj/LaunchScreen.storyboard; sourceTree = "<group>"; };
		CB1342711F1FB94200E1A1AA /* Info.plist */ = {isa = PBXFileReference; lastKnownFileType = text.plist.xml; path = Info.plist; sourceTree = "<group>"; };
		CB1342761F1FB94200E1A1AA /* NoSmokingPeopleTests.xctest */ = {isa = PBXFileReference; explicitFileType = wrapper.cfbundle; includeInIndex = 0; path = NoSmokingPeopleTests.xctest; sourceTree = BUILT_PRODUCTS_DIR; };
		CB13427A1F1FB94200E1A1AA /* NoSmokingPeopleTests.swift */ = {isa = PBXFileReference; lastKnownFileType = sourcecode.swift; path = NoSmokingPeopleTests.swift; sourceTree = "<group>"; };
		CB13427C1F1FB94200E1A1AA /* Info.plist */ = {isa = PBXFileReference; lastKnownFileType = text.plist.xml; path = Info.plist; sourceTree = "<group>"; };
		CB1342811F1FB94200E1A1AA /* NoSmokingPeopleUITests.xctest */ = {isa = PBXFileReference; explicitFileType = wrapper.cfbundle; includeInIndex = 0; path = NoSmokingPeopleUITests.xctest; sourceTree = BUILT_PRODUCTS_DIR; };
		CB1342851F1FB94200E1A1AA /* NoSmokingPeopleUITests.swift */ = {isa = PBXFileReference; lastKnownFileType = sourcecode.swift; path = NoSmokingPeopleUITests.swift; sourceTree = "<group>"; };
		CB1342871F1FB94200E1A1AA /* Info.plist */ = {isa = PBXFileReference; lastKnownFileType = text.plist.xml; path = Info.plist; sourceTree = "<group>"; };
		CB194E921F2074CA00D80114 /* WrittenOathViewController.swift */ = {isa = PBXFileReference; fileEncoding = 4; lastKnownFileType = sourcecode.swift; path = WrittenOathViewController.swift; sourceTree = "<group>"; };
		CB194E941F21D77300D80114 /* LoginViewController.swift */ = {isa = PBXFileReference; fileEncoding = 4; lastKnownFileType = sourcecode.swift; path = LoginViewController.swift; sourceTree = "<group>"; };
		CB9079F41F2C69D1000BF2A6 /* BMHANNA_11yrs_otf.otf */ = {isa = PBXFileReference; lastKnownFileType = file; path = BMHANNA_11yrs_otf.otf; sourceTree = "<group>"; };
		CBDEA7EA1F39A47700D8F38F /* Extension.swift */ = {isa = PBXFileReference; fileEncoding = 4; lastKnownFileType = sourcecode.swift; path = Extension.swift; sourceTree = "<group>"; };
		CBDFF8F81F2C6D81005AE38E /* KoPub Dotum_Pro Bold.otf */ = {isa = PBXFileReference; lastKnownFileType = file; path = "KoPub Dotum_Pro Bold.otf"; sourceTree = "<group>"; };
		CBDFF8F91F2C6D81005AE38E /* KoPub Dotum_Pro Medium.otf */ = {isa = PBXFileReference; lastKnownFileType = file; path = "KoPub Dotum_Pro Medium.otf"; sourceTree = "<group>"; };
		CBDFF9001F2C7AA6005AE38E /* KoPub Dotum_Pro Light.otf */ = {isa = PBXFileReference; lastKnownFileType = file; path = "KoPub Dotum_Pro Light.otf"; sourceTree = "<group>"; };
		CBDFF9041F2C8CBF005AE38E /* ManualViewController.swift */ = {isa = PBXFileReference; fileEncoding = 4; lastKnownFileType = sourcecode.swift; path = ManualViewController.swift; sourceTree = "<group>"; };
		CBF826C81F31D182002D4C09 /* HomeViewController.swift */ = {isa = PBXFileReference; fileEncoding = 4; lastKnownFileType = sourcecode.swift; path = HomeViewController.swift; sourceTree = "<group>"; };
/* End PBXFileReference section */

/* Begin PBXFrameworksBuildPhase section */
		CB13425F1F1FB94200E1A1AA /* Frameworks */ = {
			isa = PBXFrameworksBuildPhase;
			buildActionMask = 2147483647;
			files = (
			);
			runOnlyForDeploymentPostprocessing = 0;
		};
		CB1342731F1FB94200E1A1AA /* Frameworks */ = {
			isa = PBXFrameworksBuildPhase;
			buildActionMask = 2147483647;
			files = (
			);
			runOnlyForDeploymentPostprocessing = 0;
		};
		CB13427E1F1FB94200E1A1AA /* Frameworks */ = {
			isa = PBXFrameworksBuildPhase;
			buildActionMask = 2147483647;
			files = (
			);
			runOnlyForDeploymentPostprocessing = 0;
		};
/* End PBXFrameworksBuildPhase section */

/* Begin PBXGroup section */
		830B36361F3979870045AC90 /* minsu */ = {
			isa = PBXGroup;
			children = (
				830B363B1F39818F0045AC90 /* RootPageViewController.swift */,
			);
			name = minsu;
			sourceTree = "<group>";
		};
		CB1342591F1FB94200E1A1AA = {
			isa = PBXGroup;
			children = (
				CB1342641F1FB94200E1A1AA /* NoSmokingPeople */,
				CB1342791F1FB94200E1A1AA /* NoSmokingPeopleTests */,
				CB1342841F1FB94200E1A1AA /* NoSmokingPeopleUITests */,
				CB1342631F1FB94200E1A1AA /* Products */,
			);
			sourceTree = "<group>";
		};
		CB1342631F1FB94200E1A1AA /* Products */ = {
			isa = PBXGroup;
			children = (
				CB1342621F1FB94200E1A1AA /* NoSmokingPeople.app */,
				CB1342761F1FB94200E1A1AA /* NoSmokingPeopleTests.xctest */,
				CB1342811F1FB94200E1A1AA /* NoSmokingPeopleUITests.xctest */,
			);
			name = Products;
			sourceTree = "<group>";
		};
		CB1342641F1FB94200E1A1AA /* NoSmokingPeople */ = {
			isa = PBXGroup;
			children = (
				CBDFF9001F2C7AA6005AE38E /* KoPub Dotum_Pro Light.otf */,
				CBDFF8F91F2C6D81005AE38E /* KoPub Dotum_Pro Medium.otf */,
				CBDFF8F81F2C6D81005AE38E /* KoPub Dotum_Pro Bold.otf */,
				CB9079F41F2C69D1000BF2A6 /* BMHANNA_11yrs_otf.otf */,
				CB1342651F1FB94200E1A1AA /* AppDelegate.swift */,
				CB1342671F1FB94200E1A1AA /* SmokingCheckViewController.swift */,
				CB194E921F2074CA00D80114 /* WrittenOathViewController.swift */,
				CB1342691F1FB94200E1A1AA /* Main.storyboard */,
				CBDEA7EA1F39A47700D8F38F /* Extension.swift */,
				CBDFF9041F2C8CBF005AE38E /* ManualViewController.swift */,
				CBF826C81F31D182002D4C09 /* HomeViewController.swift */,
				CB0940E01F3456970078BAA6 /* Manual1_ViewController.swift */,
				CB0940E21F3456DF0078BAA6 /* Manual2_ViewController.swift */,
				CB0940E31F3456DF0078BAA6 /* Manual3_ViewController.swift */,
				CB0940E41F3456DF0078BAA6 /* Manual4_ViewController.swift */,
				CB194E941F21D77300D80114 /* LoginViewController.swift */,
				830B36361F3979870045AC90 /* minsu */,
				CB13426C1F1FB94200E1A1AA /* Assets.xcassets */,
				CB13426E1F1FB94200E1A1AA /* LaunchScreen.storyboard */,
				CB1342711F1FB94200E1A1AA /* Info.plist */,
			);
			path = NoSmokingPeople;
			sourceTree = "<group>";
		};
		CB1342791F1FB94200E1A1AA /* NoSmokingPeopleTests */ = {
			isa = PBXGroup;
			children = (
				CB13427A1F1FB94200E1A1AA /* NoSmokingPeopleTests.swift */,
				CB13427C1F1FB94200E1A1AA /* Info.plist */,
			);
			path = NoSmokingPeopleTests;
			sourceTree = "<group>";
		};
		CB1342841F1FB94200E1A1AA /* NoSmokingPeopleUITests */ = {
			isa = PBXGroup;
			children = (
				CB1342851F1FB94200E1A1AA /* NoSmokingPeopleUITests.swift */,
				CB1342871F1FB94200E1A1AA /* Info.plist */,
			);
			path = NoSmokingPeopleUITests;
			sourceTree = "<group>";
		};
/* End PBXGroup section */

/* Begin PBXNativeTarget section */
		CB1342611F1FB94200E1A1AA /* NoSmokingPeople */ = {
			isa = PBXNativeTarget;
			buildConfigurationList = CB13428A1F1FB94200E1A1AA /* Build configuration list for PBXNativeTarget "NoSmokingPeople" */;
			buildPhases = (
				CB13425E1F1FB94200E1A1AA /* Sources */,
				CB13425F1F1FB94200E1A1AA /* Frameworks */,
				CB1342601F1FB94200E1A1AA /* Resources */,
			);
			buildRules = (
			);
			dependencies = (
			);
			name = NoSmokingPeople;
			productName = NoSmokingPeople;
			productReference = CB1342621F1FB94200E1A1AA /* NoSmokingPeople.app */;
			productType = "com.apple.product-type.application";
		};
		CB1342751F1FB94200E1A1AA /* NoSmokingPeopleTests */ = {
			isa = PBXNativeTarget;
			buildConfigurationList = CB13428D1F1FB94200E1A1AA /* Build configuration list for PBXNativeTarget "NoSmokingPeopleTests" */;
			buildPhases = (
				CB1342721F1FB94200E1A1AA /* Sources */,
				CB1342731F1FB94200E1A1AA /* Frameworks */,
				CB1342741F1FB94200E1A1AA /* Resources */,
			);
			buildRules = (
			);
			dependencies = (
				CB1342781F1FB94200E1A1AA /* PBXTargetDependency */,
			);
			name = NoSmokingPeopleTests;
			productName = NoSmokingPeopleTests;
			productReference = CB1342761F1FB94200E1A1AA /* NoSmokingPeopleTests.xctest */;
			productType = "com.apple.product-type.bundle.unit-test";
		};
		CB1342801F1FB94200E1A1AA /* NoSmokingPeopleUITests */ = {
			isa = PBXNativeTarget;
			buildConfigurationList = CB1342901F1FB94200E1A1AA /* Build configuration list for PBXNativeTarget "NoSmokingPeopleUITests" */;
			buildPhases = (
				CB13427D1F1FB94200E1A1AA /* Sources */,
				CB13427E1F1FB94200E1A1AA /* Frameworks */,
				CB13427F1F1FB94200E1A1AA /* Resources */,
			);
			buildRules = (
			);
			dependencies = (
				CB1342831F1FB94200E1A1AA /* PBXTargetDependency */,
			);
			name = NoSmokingPeopleUITests;
			productName = NoSmokingPeopleUITests;
			productReference = CB1342811F1FB94200E1A1AA /* NoSmokingPeopleUITests.xctest */;
			productType = "com.apple.product-type.bundle.ui-testing";
		};
/* End PBXNativeTarget section */

/* Begin PBXProject section */
		CB13425A1F1FB94200E1A1AA /* Project object */ = {
			isa = PBXProject;
			attributes = {
				LastSwiftUpdateCheck = 0830;
				LastUpgradeCheck = 0830;
				ORGANIZATIONNAME = "김재희";
				TargetAttributes = {
					CB1342611F1FB94200E1A1AA = {
						CreatedOnToolsVersion = 8.3.3;
						DevelopmentTeam = 2F465AG84W;
						ProvisioningStyle = Automatic;
					};
					CB1342751F1FB94200E1A1AA = {
						CreatedOnToolsVersion = 8.3.3;
						ProvisioningStyle = Automatic;
						TestTargetID = CB1342611F1FB94200E1A1AA;
					};
					CB1342801F1FB94200E1A1AA = {
						CreatedOnToolsVersion = 8.3.3;
						ProvisioningStyle = Automatic;
						TestTargetID = CB1342611F1FB94200E1A1AA;
					};
				};
			};
			buildConfigurationList = CB13425D1F1FB94200E1A1AA /* Build configuration list for PBXProject "NoSmokingPeople" */;
			compatibilityVersion = "Xcode 3.2";
			developmentRegion = English;
			hasScannedForEncodings = 0;
			knownRegions = (
				en,
				Base,
			);
			mainGroup = CB1342591F1FB94200E1A1AA;
			productRefGroup = CB1342631F1FB94200E1A1AA /* Products */;
			projectDirPath = "";
			projectRoot = "";
			targets = (
				CB1342611F1FB94200E1A1AA /* NoSmokingPeople */,
				CB1342751F1FB94200E1A1AA /* NoSmokingPeopleTests */,
				CB1342801F1FB94200E1A1AA /* NoSmokingPeopleUITests */,
			);
		};
/* End PBXProject section */

/* Begin PBXResourcesBuildPhase section */
		CB1342601F1FB94200E1A1AA /* Resources */ = {
			isa = PBXResourcesBuildPhase;
			buildActionMask = 2147483647;
			files = (
				CB9079F51F2C69D1000BF2A6 /* BMHANNA_11yrs_otf.otf in Resources */,
				CB1342701F1FB94200E1A1AA /* LaunchScreen.storyboard in Resources */,
				CBDFF9011F2C7AA6005AE38E /* KoPub Dotum_Pro Light.otf in Resources */,
				CBDFF8FD1F2C6D81005AE38E /* KoPub Dotum_Pro Medium.otf in Resources */,
				CB13426D1F1FB94200E1A1AA /* Assets.xcassets in Resources */,
				CB13426B1F1FB94200E1A1AA /* Main.storyboard in Resources */,
				CBDFF8FA1F2C6D81005AE38E /* KoPub Dotum_Pro Bold.otf in Resources */,
			);
			runOnlyForDeploymentPostprocessing = 0;
		};
		CB1342741F1FB94200E1A1AA /* Resources */ = {
			isa = PBXResourcesBuildPhase;
			buildActionMask = 2147483647;
			files = (
				CBDFF8FB1F2C6D81005AE38E /* KoPub Dotum_Pro Bold.otf in Resources */,
				CB9079F61F2C69D1000BF2A6 /* BMHANNA_11yrs_otf.otf in Resources */,
				CBDFF9021F2C7AA6005AE38E /* KoPub Dotum_Pro Light.otf in Resources */,
				CBDFF8FE1F2C6D81005AE38E /* KoPub Dotum_Pro Medium.otf in Resources */,
			);
			runOnlyForDeploymentPostprocessing = 0;
		};
		CB13427F1F1FB94200E1A1AA /* Resources */ = {
			isa = PBXResourcesBuildPhase;
			buildActionMask = 2147483647;
			files = (
				CBDFF8FC1F2C6D81005AE38E /* KoPub Dotum_Pro Bold.otf in Resources */,
				CB9079F71F2C69D1000BF2A6 /* BMHANNA_11yrs_otf.otf in Resources */,
				CBDFF9031F2C7AA6005AE38E /* KoPub Dotum_Pro Light.otf in Resources */,
				CBDFF8FF1F2C6D81005AE38E /* KoPub Dotum_Pro Medium.otf in Resources */,
			);
			runOnlyForDeploymentPostprocessing = 0;
		};
/* End PBXResourcesBuildPhase section */

/* Begin PBXSourcesBuildPhase section */
		CB13425E1F1FB94200E1A1AA /* Sources */ = {
			isa = PBXSourcesBuildPhase;
			buildActionMask = 2147483647;
			files = (
				830B363C1F39818F0045AC90 /* RootPageViewController.swift in Sources */,
				CB194E951F21D77300D80114 /* LoginViewController.swift in Sources */,
				CB1342681F1FB94200E1A1AA /* SmokingCheckViewController.swift in Sources */,
				CBDEA7EB1F39A47700D8F38F /* Extension.swift in Sources */,
				CBDFF9051F2C8CBF005AE38E /* ManualViewController.swift in Sources */,
				CB0940E11F3456970078BAA6 /* Manual1_ViewController.swift in Sources */,
				CB194E931F2074CA00D80114 /* WrittenOathViewController.swift in Sources */,
				CB0940E81F3456DF0078BAA6 /* Manual4_ViewController.swift in Sources */,
				CB0940E61F3456DF0078BAA6 /* Manual2_ViewController.swift in Sources */,
				CB1342661F1FB94200E1A1AA /* AppDelegate.swift in Sources */,
				CBF826C91F31D182002D4C09 /* HomeViewController.swift in Sources */,
				CB0940E71F3456DF0078BAA6 /* Manual3_ViewController.swift in Sources */,
			);
			runOnlyForDeploymentPostprocessing = 0;
		};
		CB1342721F1FB94200E1A1AA /* Sources */ = {
			isa = PBXSourcesBuildPhase;
			buildActionMask = 2147483647;
			files = (
				CBDFF9061F2C8CBF005AE38E /* ManualViewController.swift in Sources */,
				CB13427B1F1FB94200E1A1AA /* NoSmokingPeopleTests.swift in Sources */,
			);
			runOnlyForDeploymentPostprocessing = 0;
		};
		CB13427D1F1FB94200E1A1AA /* Sources */ = {
			isa = PBXSourcesBuildPhase;
			buildActionMask = 2147483647;
			files = (
				CBDFF9071F2C8CBF005AE38E /* ManualViewController.swift in Sources */,
				CB1342861F1FB94200E1A1AA /* NoSmokingPeopleUITests.swift in Sources */,
			);
			runOnlyForDeploymentPostprocessing = 0;
		};
/* End PBXSourcesBuildPhase section */

/* Begin PBXTargetDependency section */
		CB1342781F1FB94200E1A1AA /* PBXTargetDependency */ = {
			isa = PBXTargetDependency;
			target = CB1342611F1FB94200E1A1AA /* NoSmokingPeople */;
			targetProxy = CB1342771F1FB94200E1A1AA /* PBXContainerItemProxy */;
		};
		CB1342831F1FB94200E1A1AA /* PBXTargetDependency */ = {
			isa = PBXTargetDependency;
			target = CB1342611F1FB94200E1A1AA /* NoSmokingPeople */;
			targetProxy = CB1342821F1FB94200E1A1AA /* PBXContainerItemProxy */;
		};
/* End PBXTargetDependency section */

/* Begin PBXVariantGroup section */
		CB1342691F1FB94200E1A1AA /* Main.storyboard */ = {
			isa = PBXVariantGroup;
			children = (
				CB13426A1F1FB94200E1A1AA /* Base */,
			);
			name = Main.storyboard;
			sourceTree = "<group>";
		};
		CB13426E1F1FB94200E1A1AA /* LaunchScreen.storyboard */ = {
			isa = PBXVariantGroup;
			children = (
				CB13426F1F1FB94200E1A1AA /* Base */,
			);
			name = LaunchScreen.storyboard;
			sourceTree = "<group>";
		};
/* End PBXVariantGroup section */

/* Begin XCBuildConfiguration section */
		CB1342881F1FB94200E1A1AA /* Debug */ = {
			isa = XCBuildConfiguration;
			buildSettings = {
				ALWAYS_SEARCH_USER_PATHS = NO;
				CLANG_ANALYZER_NONNULL = YES;
				CLANG_ANALYZER_NUMBER_OBJECT_CONVERSION = YES_AGGRESSIVE;
				CLANG_CXX_LANGUAGE_STANDARD = "gnu++0x";
				CLANG_CXX_LIBRARY = "libc++";
				CLANG_ENABLE_MODULES = YES;
				CLANG_ENABLE_OBJC_ARC = YES;
				CLANG_WARN_BOOL_CONVERSION = YES;
				CLANG_WARN_CONSTANT_CONVERSION = YES;
				CLANG_WARN_DIRECT_OBJC_ISA_USAGE = YES_ERROR;
				CLANG_WARN_DOCUMENTATION_COMMENTS = YES;
				CLANG_WARN_EMPTY_BODY = YES;
				CLANG_WARN_ENUM_CONVERSION = YES;
				CLANG_WARN_INFINITE_RECURSION = YES;
				CLANG_WARN_INT_CONVERSION = YES;
				CLANG_WARN_OBJC_ROOT_CLASS = YES_ERROR;
				CLANG_WARN_SUSPICIOUS_MOVE = YES;
				CLANG_WARN_UNREACHABLE_CODE = YES;
				CLANG_WARN__DUPLICATE_METHOD_MATCH = YES;
				"CODE_SIGN_IDENTITY[sdk=iphoneos*]" = "iPhone Developer";
				COPY_PHASE_STRIP = NO;
				DEBUG_INFORMATION_FORMAT = dwarf;
				ENABLE_STRICT_OBJC_MSGSEND = YES;
				ENABLE_TESTABILITY = YES;
				GCC_C_LANGUAGE_STANDARD = gnu99;
				GCC_DYNAMIC_NO_PIC = NO;
				GCC_NO_COMMON_BLOCKS = YES;
				GCC_OPTIMIZATION_LEVEL = 0;
				GCC_PREPROCESSOR_DEFINITIONS = (
					"DEBUG=1",
					"$(inherited)",
				);
				GCC_WARN_64_TO_32_BIT_CONVERSION = YES;
				GCC_WARN_ABOUT_RETURN_TYPE = YES_ERROR;
				GCC_WARN_UNDECLARED_SELECTOR = YES;
				GCC_WARN_UNINITIALIZED_AUTOS = YES_AGGRESSIVE;
				GCC_WARN_UNUSED_FUNCTION = YES;
				GCC_WARN_UNUSED_VARIABLE = YES;
				IPHONEOS_DEPLOYMENT_TARGET = 10.3;
				MTL_ENABLE_DEBUG_INFO = YES;
				ONLY_ACTIVE_ARCH = YES;
				SDKROOT = iphoneos;
				SWIFT_ACTIVE_COMPILATION_CONDITIONS = DEBUG;
				SWIFT_OPTIMIZATION_LEVEL = "-Onone";
				TARGETED_DEVICE_FAMILY = "1,2";
			};
			name = Debug;
		};
		CB1342891F1FB94200E1A1AA /* Release */ = {
			isa = XCBuildConfiguration;
			buildSettings = {
				ALWAYS_SEARCH_USER_PATHS = NO;
				CLANG_ANALYZER_NONNULL = YES;
				CLANG_ANALYZER_NUMBER_OBJECT_CONVERSION = YES_AGGRESSIVE;
				CLANG_CXX_LANGUAGE_STANDARD = "gnu++0x";
				CLANG_CXX_LIBRARY = "libc++";
				CLANG_ENABLE_MODULES = YES;
				CLANG_ENABLE_OBJC_ARC = YES;
				CLANG_WARN_BOOL_CONVERSION = YES;
				CLANG_WARN_CONSTANT_CONVERSION = YES;
				CLANG_WARN_DIRECT_OBJC_ISA_USAGE = YES_ERROR;
				CLANG_WARN_DOCUMENTATION_COMMENTS = YES;
				CLANG_WARN_EMPTY_BODY = YES;
				CLANG_WARN_ENUM_CONVERSION = YES;
				CLANG_WARN_INFINITE_RECURSION = YES;
				CLANG_WARN_INT_CONVERSION = YES;
				CLANG_WARN_OBJC_ROOT_CLASS = YES_ERROR;
				CLANG_WARN_SUSPICIOUS_MOVE = YES;
				CLANG_WARN_UNREACHABLE_CODE = YES;
				CLANG_WARN__DUPLICATE_METHOD_MATCH = YES;
				"CODE_SIGN_IDENTITY[sdk=iphoneos*]" = "iPhone Developer";
				COPY_PHASE_STRIP = NO;
				DEBUG_INFORMATION_FORMAT = "dwarf-with-dsym";
				ENABLE_NS_ASSERTIONS = NO;
				ENABLE_STRICT_OBJC_MSGSEND = YES;
				GCC_C_LANGUAGE_STANDARD = gnu99;
				GCC_NO_COMMON_BLOCKS = YES;
				GCC_WARN_64_TO_32_BIT_CONVERSION = YES;
				GCC_WARN_ABOUT_RETURN_TYPE = YES_ERROR;
				GCC_WARN_UNDECLARED_SELECTOR = YES;
				GCC_WARN_UNINITIALIZED_AUTOS = YES_AGGRESSIVE;
				GCC_WARN_UNUSED_FUNCTION = YES;
				GCC_WARN_UNUSED_VARIABLE = YES;
				IPHONEOS_DEPLOYMENT_TARGET = 10.3;
				MTL_ENABLE_DEBUG_INFO = NO;
				SDKROOT = iphoneos;
				SWIFT_OPTIMIZATION_LEVEL = "-Owholemodule";
				TARGETED_DEVICE_FAMILY = "1,2";
				VALIDATE_PRODUCT = YES;
			};
			name = Release;
		};
		CB13428B1F1FB94200E1A1AA /* Debug */ = {
			isa = XCBuildConfiguration;
			buildSettings = {
				ASSETCATALOG_COMPILER_APPICON_NAME = AppIcon;
				DEVELOPMENT_TEAM = 2F465AG84W;
				INFOPLIST_FILE = NoSmokingPeople/Info.plist;
				LD_RUNPATH_SEARCH_PATHS = "$(inherited) @executable_path/Frameworks";
				PRODUCT_BUNDLE_IDENTIFIER = "jaehui-INU-Appcenter.NoSmokingPeople";
				PRODUCT_NAME = "$(TARGET_NAME)";
				SWIFT_VERSION = 3.0;
				TARGETED_DEVICE_FAMILY = "1,2";
			};
			name = Debug;
		};
		CB13428C1F1FB94200E1A1AA /* Release */ = {
			isa = XCBuildConfiguration;
			buildSettings = {
				ASSETCATALOG_COMPILER_APPICON_NAME = AppIcon;
				DEVELOPMENT_TEAM = 2F465AG84W;
				INFOPLIST_FILE = NoSmokingPeople/Info.plist;
				LD_RUNPATH_SEARCH_PATHS = "$(inherited) @executable_path/Frameworks";
				PRODUCT_BUNDLE_IDENTIFIER = "jaehui-INU-Appcenter.NoSmokingPeople";
				PRODUCT_NAME = "$(TARGET_NAME)";
				SWIFT_VERSION = 3.0;
				TARGETED_DEVICE_FAMILY = "1,2";
			};
			name = Release;
		};
		CB13428E1F1FB94200E1A1AA /* Debug */ = {
			isa = XCBuildConfiguration;
			buildSettings = {
				ALWAYS_EMBED_SWIFT_STANDARD_LIBRARIES = YES;
				BUNDLE_LOADER = "$(TEST_HOST)";
				INFOPLIST_FILE = NoSmokingPeopleTests/Info.plist;
				LD_RUNPATH_SEARCH_PATHS = "$(inherited) @executable_path/Frameworks @loader_path/Frameworks";
				PRODUCT_BUNDLE_IDENTIFIER = "jaehui-INU-Appcenter.NoSmokingPeopleTests";
				PRODUCT_NAME = "$(TARGET_NAME)";
				SWIFT_VERSION = 3.0;
				TEST_HOST = "$(BUILT_PRODUCTS_DIR)/NoSmokingPeople.app/NoSmokingPeople";
			};
			name = Debug;
		};
		CB13428F1F1FB94200E1A1AA /* Release */ = {
			isa = XCBuildConfiguration;
			buildSettings = {
				ALWAYS_EMBED_SWIFT_STANDARD_LIBRARIES = YES;
				BUNDLE_LOADER = "$(TEST_HOST)";
				INFOPLIST_FILE = NoSmokingPeopleTests/Info.plist;
				LD_RUNPATH_SEARCH_PATHS = "$(inherited) @executable_path/Frameworks @loader_path/Frameworks";
				PRODUCT_BUNDLE_IDENTIFIER = "jaehui-INU-Appcenter.NoSmokingPeopleTests";
				PRODUCT_NAME = "$(TARGET_NAME)";
				SWIFT_VERSION = 3.0;
				TEST_HOST = "$(BUILT_PRODUCTS_DIR)/NoSmokingPeople.app/NoSmokingPeople";
			};
			name = Release;
		};
		CB1342911F1FB94200E1A1AA /* Debug */ = {
			isa = XCBuildConfiguration;
			buildSettings = {
				ALWAYS_EMBED_SWIFT_STANDARD_LIBRARIES = YES;
				INFOPLIST_FILE = NoSmokingPeopleUITests/Info.plist;
				LD_RUNPATH_SEARCH_PATHS = "$(inherited) @executable_path/Frameworks @loader_path/Frameworks";
				PRODUCT_BUNDLE_IDENTIFIER = "jaehui-INU-Appcenter.NoSmokingPeopleUITests";
				PRODUCT_NAME = "$(TARGET_NAME)";
				SWIFT_VERSION = 3.0;
				TEST_TARGET_NAME = NoSmokingPeople;
			};
			name = Debug;
		};
		CB1342921F1FB94200E1A1AA /* Release */ = {
			isa = XCBuildConfiguration;
			buildSettings = {
				ALWAYS_EMBED_SWIFT_STANDARD_LIBRARIES = YES;
				INFOPLIST_FILE = NoSmokingPeopleUITests/Info.plist;
				LD_RUNPATH_SEARCH_PATHS = "$(inherited) @executable_path/Frameworks @loader_path/Frameworks";
				PRODUCT_BUNDLE_IDENTIFIER = "jaehui-INU-Appcenter.NoSmokingPeopleUITests";
				PRODUCT_NAME = "$(TARGET_NAME)";
				SWIFT_VERSION = 3.0;
				TEST_TARGET_NAME = NoSmokingPeople;
			};
			name = Release;
		};
/* End XCBuildConfiguration section */

/* Begin XCConfigurationList section */
		CB13425D1F1FB94200E1A1AA /* Build configuration list for PBXProject "NoSmokingPeople" */ = {
			isa = XCConfigurationList;
			buildConfigurations = (
				CB1342881F1FB94200E1A1AA /* Debug */,
				CB1342891F1FB94200E1A1AA /* Release */,
			);
			defaultConfigurationIsVisible = 0;
			defaultConfigurationName = Release;
		};
		CB13428A1F1FB94200E1A1AA /* Build configuration list for PBXNativeTarget "NoSmokingPeople" */ = {
			isa = XCConfigurationList;
			buildConfigurations = (
				CB13428B1F1FB94200E1A1AA /* Debug */,
				CB13428C1F1FB94200E1A1AA /* Release */,
			);
			defaultConfigurationIsVisible = 0;
			defaultConfigurationName = Release;
		};
		CB13428D1F1FB94200E1A1AA /* Build configuration list for PBXNativeTarget "NoSmokingPeopleTests" */ = {
			isa = XCConfigurationList;
			buildConfigurations = (
				CB13428E1F1FB94200E1A1AA /* Debug */,
				CB13428F1F1FB94200E1A1AA /* Release */,
			);
			defaultConfigurationIsVisible = 0;
			defaultConfigurationName = Release;
		};
		CB1342901F1FB94200E1A1AA /* Build configuration list for PBXNativeTarget "NoSmokingPeopleUITests" */ = {
			isa = XCConfigurationList;
			buildConfigurations = (
				CB1342911F1FB94200E1A1AA /* Debug */,
				CB1342921F1FB94200E1A1AA /* Release */,
			);
			defaultConfigurationIsVisible = 0;
			defaultConfigurationName = Release;
		};
/* End XCConfigurationList section */
	};
	rootObject = CB13425A1F1FB94200E1A1AA /* Project object */;
}
